
Microsoft Visual Studio Solution File, Format Version 11.00
# Visual Studio 2010
Project("{9344bdbb-3e7f-41fc-a0dd-8665d75ee146}") = "li", "li\li.mdproj", "{96B5DF8E-8AC4-4A14-8EF4-F3E008D36E99}"
EndProject
Global
	GlobalSection(SolutionConfigurationPlatforms) = preSolution
		Debug|Any CPU = Debug|Any CPU
		Release|Any CPU = Release|Any CPU
	EndGlobalSection
	GlobalSection(ProjectConfigurationPlatforms) = postSolution
		{96B5DF8E-8AC4-4A14-8EF4-F3E008D36E99}.Debug|Any CPU.ActiveCfg = Debug|Any CPU
		{96B5DF8E-8AC4-4A14-8EF4-F3E008D36E99}.Debug|Any CPU.Build.0 = Debug|Any CPU
		{96B5DF8E-8AC4-4A14-8EF4-F3E008D36E99}.Release|Any CPU.ActiveCfg = Release|Any CPU
		{96B5DF8E-8AC4-4A14-8EF4-F3E008D36E99}.Release|Any CPU.Build.0 = Release|Any CPU
	EndGlobalSection
	GlobalSection(MonoDevelopProperties) = preSolution
		StartupItem = li\li.mdproj
	EndGlobalSection
EndGlobal
